
Microsoft Visual Studio Solution File, Format Version 11.00
# Visual Studio 2010
Project("{FAE04EC0-301F-11D3-BF4B-00C04F79EFBC}") = "Assembly-CSharp-firstpass", "Assembly-CSharp-firstpass.csproj", "{5872D89A-249F-6197-1793-F334118AE8A7}"
EndProject
Project("{FAE04EC0-301F-11D3-BF4B-00C04F79EFBC}") = "Assembly-CSharp", "Assembly-CSharp.csproj", "{B114BCCA-2479-20B6-4B62-4509ADCD572E}"
EndProject
Project("{FAE04EC0-301F-11D3-BF4B-00C04F79EFBC}") = "Assembly-CSharp-Editor-firstpass", "Assembly-CSharp-Editor-firstpass.csproj", "{B9A4383E-15B0-7330-5BEC-A7CFEAA32D68}"
EndProject
Global
	GlobalSection(SolutionConfigurationPlatforms) = preSolution
		Debug|Any CPU = Debug|Any CPU
		Release|Any CPU = Release|Any CPU
	EndGlobalSection
	GlobalSection(ProjectConfigurationPlatforms) = postSolution
		{5872D89A-249F-6197-1793-F334118AE8A7}.Debug|Any CPU.ActiveCfg = Debug|Any CPU
		{5872D89A-249F-6197-1793-F334118AE8A7}.Debug|Any CPU.Build.0 = Debug|Any CPU
		{5872D89A-249F-6197-1793-F334118AE8A7}.Release|Any CPU.ActiveCfg = Release|Any CPU
		{5872D89A-249F-6197-1793-F334118AE8A7}.Release|Any CPU.Build.0 = Release|Any CPU
		{B114BCCA-2479-20B6-4B62-4509ADCD572E}.Debug|Any CPU.ActiveCfg = Debug|Any CPU
		{B114BCCA-2479-20B6-4B62-4509ADCD572E}.Debug|Any CPU.Build.0 = Debug|Any CPU
		{B114BCCA-2479-20B6-4B62-4509ADCD572E}.Release|Any CPU.ActiveCfg = Release|Any CPU
		{B114BCCA-2479-20B6-4B62-4509ADCD572E}.Release|Any CPU.Build.0 = Release|Any CPU
		{B9A4383E-15B0-7330-5BEC-A7CFEAA32D68}.Debug|Any CPU.ActiveCfg = Debug|Any CPU
		{B9A4383E-15B0-7330-5BEC-A7CFEAA32D68}.Debug|Any CPU.Build.0 = Debug|Any CPU
		{B9A4383E-15B0-7330-5BEC-A7CFEAA32D68}.Release|Any CPU.ActiveCfg = Release|Any CPU
		{B9A4383E-15B0-7330-5BEC-A7CFEAA32D68}.Release|Any CPU.Build.0 = Release|Any CPU
	EndGlobalSection
	GlobalSection(SolutionProperties) = preSolution
		HideSolutionNode = FALSE
	EndGlobalSection
EndGlobal
